
Microsoft Visual Studio Solution File, Format Version 12.00
# Visual Studio Version 17
VisualStudioVersion = 17.5.002.0
MinimumVisualStudioVersion = 10.0.40219.1
Project("{9A19103F-16F7-4668-BE54-9A1E7A4F7556}") = "SQL", "SQL.csproj", "{AD31CDB6-1F1B-4BEB-9A9E-42393974C3EA}"
EndProject
Global
	GlobalSection(SolutionConfigurationPlatforms) = preSolution
		Debug|Any CPU = Debug|Any CPU
		Release|Any CPU = Release|Any CPU
	EndGlobalSection
	GlobalSection(ProjectConfigurationPlatforms) = postSolution
		{AD31CDB6-1F1B-4BEB-9A9E-42393974C3EA}.Debug|Any CPU.ActiveCfg = Debug|Any CPU
		{AD31CDB6-1F1B-4BEB-9A9E-42393974C3EA}.Debug|Any CPU.Build.0 = Debug|Any CPU
		{AD31CDB6-1F1B-4BEB-9A9E-42393974C3EA}.Release|Any CPU.ActiveCfg = Release|Any CPU
		{AD31CDB6-1F1B-4BEB-9A9E-42393974C3EA}.Release|Any CPU.Build.0 = Release|Any CPU
	EndGlobalSection
	GlobalSection(SolutionProperties) = preSolution
		HideSolutionNode = FALSE
	EndGlobalSection
	GlobalSection(ExtensibilityGlobals) = postSolution
		SolutionGuid = {C8751ACD-991F-43B7-98B6-D0A809A987B4}
	EndGlobalSection
EndGlobal
